PODS:
  - AFNetworking (2.5.2):
    - AFNetworking/NSURLConnection (= 2.5.2)
    - AFNetworking/NSURLSession (= 2.5.2)
    - AFNetworking/Reachability (= 2.5.2)
    - AFNetworking/Security (= 2.5.2)
    - AFNetworking/Serialization (= 2.5.2)
    - AFNetworking/UIKit (= 2.5.2)
  - AFNetworking/NSURLConnection (2.5.2):
    - AFNetworking/Reachability
    - AFNetworking/Security
    - AFNetworking/Serialization
  - AFNetworking/NSURLSession (2.5.2):
    - AFNetworking/Reachability
    - AFNetworking/Security
    - AFNetworking/Serialization
  - AFNetworking/Reachability (2.5.2)
  - AFNetworking/Security (2.5.2)
  - AFNetworking/Serialization (2.5.2)
  - AFNetworking/UIKit (2.5.2):
    - AFNetworking/NSURLConnection
    - AFNetworking/NSURLSession
  - Bolts/Tasks (1.1.5)
  - FlurrySDK/FlurrySDK (6.2.0)
  - FXBlurView (1.6.3)
  - JDStatusBarNotification (1.5.1)
  - Kochava (20150116)
  - KSReachability (1.4)
  - Mixpanel (2.7.3):
    - Mixpanel/MPCategoryHelpers (= 2.7.3)
  - Mixpanel/MPCategoryHelpers (2.7.3)
  - NewRelicAgent (4.186)
  - Parse (1.7.4):
    - Bolts/Tasks (>= 1.1.5)
  - ParseCrashReporting (1.7.4):
    - Bolts/Tasks (>= 1.1.5)
    - Parse (~> 1.7.4)
  - pop (1.0.7)
  - XMLDictionary (1.4)

DEPENDENCIES:
  - AFNetworking (~> 2.0)
  - FlurrySDK/FlurrySDK (~> 6.0)
  - FXBlurView (~> 1.6)
  - JDStatusBarNotification
  - Kochava
  - KSReachability
  - Mixpanel (~> 2.7)
  - NewRelicAgent
  - Parse (~> 1.6)
  - ParseCrashReporting
  - pop (~> 1.0)
  - XMLDictionary (~> 1.4)

SPEC CHECKSUMS:
  AFNetworking: fefbce9660acb17f48ae0011292d4da0f457bf36
  Bolts: aac24961496d504aa56fc267cde95162a71bac39
  FlurrySDK: 6d8cc2f898589214ed72e481cf59cffa55b88fe0
  FXBlurView: c6d23f3d35af2c6282296a2930f61c6e2c788d01
  JDStatusBarNotification: 83c7d7a4e1e0d09528bcb98827fe4fc99dbdd6aa
  Kochava: 848021ac47726fdc40f4f2f15428c64d0edf10b0
  KSReachability: 7b418ec0b38c29765adad11421718a8a172dfa30
  Mixpanel: 1d387d76800e07e953958c62c97fea27f13632dd
  NewRelicAgent: c9efe4386f703c97741fbb1f65e80d5513a04866
  Parse: 6ca512c6e860b66739c95151b2f76ac4712b7842
  ParseCrashReporting: 0cff3a2720d6e977fff1bdd64e6d3ea94528e170
  pop: 628ffc631644601567ee8bfaaaea493ebd7d0923
  XMLDictionary: f9f51601ba76678b594ab485f2b00ec1fed23724

COCOAPODS: 0.36.0
