<?xml version="1.0" encoding="UTF-8"?>
<!DOCTYPE plist PUBLIC "-//Apple//DTD PLIST 1.0//EN" "http://www.apple.com/DTDs/PropertyList-1.0.dtd">
<plist version="1.0">
<dict>
	<key>archiveVersion</key>
	<string>1</string>
	<key>classes</key>
	<dict/>
	<key>objectVersion</key>
	<string>46</string>
	<key>objects</key>
	<dict>
		<key>2E850504DBEA4BBA8459FA23</key>
		<dict>
			<key>buildActionMask</key>
			<string>2147483647</string>
			<key>files</key>
			<array/>
			<key>inputPaths</key>
			<array/>
			<key>isa</key>
			<string>PBXShellScriptBuildPhase</string>
			<key>name</key>
			<string>Check Pods Manifest.lock</string>
			<key>outputPaths</key>
			<array/>
			<key>runOnlyForDeploymentPostprocessing</key>
			<string>0</string>
			<key>shellPath</key>
			<string>/bin/sh</string>
			<key>shellScript</key>
			<string>diff "${PODS_ROOT}/../Podfile.lock" "${PODS_ROOT}/Manifest.lock" &gt; /dev/null
if [[ $? != 0 ]] ; then
    cat &lt;&lt; EOM
error: The sandbox is not in sync with the Podfile.lock. Run 'pod install' or update your CocoaPods installation.
EOM
    exit 1
fi
</string>
			<key>showEnvVarsInLog</key>
			<string>0</string>
		</dict>
		<key>3D27774292D34CDA90CFAEC3</key>
		<dict>
			<key>includeInIndex</key>
			<string>1</string>
			<key>isa</key>
			<string>PBXFileReference</string>
			<key>lastKnownFileType</key>
			<string>text.xcconfig</string>
			<key>name</key>
			<string>Pods.xcconfig</string>
			<key>path</key>
			<string>Pods/Pods.xcconfig</string>
			<key>sourceTree</key>
			<string>&lt;group&gt;</string>
		</dict>
		<key>76349CA118D372B30027C3B8</key>
		<dict>
			<key>children</key>
			<array>
				<string>76349CA218D372B30027C3B8</string>
				<string>76349CA318D372B30027C3B8</string>
				<string>76349CA418D372B30027C3B8</string>
				<string>76349CA518D372B30027C3B8</string>
			</array>
			<key>isa</key>
			<string>PBXGroup</string>
			<key>path</key>
			<string>TestFlight</string>
			<key>sourceTree</key>
			<string>&lt;group&gt;</string>
		</dict>
		<key>76349CA218D372B30027C3B8</key>
		<dict>
			<key>isa</key>
			<string>PBXFileReference</string>
			<key>lastKnownFileType</key>
			<string>archive.ar</string>
			<key>path</key>
			<string>libTestFlight.a</string>
			<key>sourceTree</key>
			<string>&lt;group&gt;</string>
		</dict>
		<key>76349CA318D372B30027C3B8</key>
		<dict>
			<key>fileEncoding</key>
			<string>4</string>
			<key>isa</key>
			<string>PBXFileReference</string>
			<key>lastKnownFileType</key>
			<string>sourcecode.c.h</string>
			<key>path</key>
			<string>TestFlight+AsyncLogging.h</string>
			<key>sourceTree</key>
			<string>&lt;group&gt;</string>
		</dict>
		<key>76349CA418D372B30027C3B8</key>
		<dict>
			<key>fileEncoding</key>
			<string>4</string>
			<key>isa</key>
			<string>PBXFileReference</string>
			<key>lastKnownFileType</key>
			<string>sourcecode.c.h</string>
			<key>path</key>
			<string>TestFlight+ManualSessions.h</string>
			<key>sourceTree</key>
			<string>&lt;group&gt;</string>
		</dict>
		<key>76349CA518D372B30027C3B8</key>
		<dict>
			<key>fileEncoding</key>
			<string>4</string>
			<key>isa</key>
			<string>PBXFileReference</string>
			<key>lastKnownFileType</key>
			<string>sourcecode.c.h</string>
			<key>path</key>
			<string>TestFlight.h</string>
			<key>sourceTree</key>
			<string>&lt;group&gt;</string>
		</dict>
		<key>76349CA618D372B30027C3B8</key>
		<dict>
			<key>fileRef</key>
			<string>76349CA218D372B30027C3B8</string>
			<key>isa</key>
			<string>PBXBuildFile</string>
		</dict>
		<key>76349CA718D373440027C3B8</key>
		<dict>
			<key>fileEncoding</key>
			<string>4</string>
			<key>isa</key>
			<string>PBXFileReference</string>
			<key>lastKnownFileType</key>
			<string>text.plist.xml</string>
			<key>name</key>
			<string>Config.plist</string>
			<key>path</key>
			<string>KPCC/Config.plist</string>
			<key>sourceTree</key>
			<string>&lt;group&gt;</string>
		</dict>
		<key>76349CA818D373440027C3B8</key>
		<dict>
			<key>fileRef</key>
			<string>76349CA718D373440027C3B8</string>
			<key>isa</key>
			<string>PBXBuildFile</string>
		</dict>
		<key>76349CA918D3747E0027C3B8</key>
		<dict>
			<key>isa</key>
			<string>PBXFileReference</string>
			<key>lastKnownFileType</key>
			<string>compiled.mach-o.dylib</string>
			<key>name</key>
			<string>libz.dylib</string>
			<key>path</key>
			<string>usr/lib/libz.dylib</string>
			<key>sourceTree</key>
			<string>SDKROOT</string>
		</dict>
		<key>76349CAA18D3747E0027C3B8</key>
		<dict>
			<key>fileRef</key>
			<string>76349CA918D3747E0027C3B8</string>
			<key>isa</key>
			<string>PBXBuildFile</string>
		</dict>
		<key>76349CF118D388C80027C3B8</key>
		<dict>
			<key>buildConfigurationList</key>
			<string>76349D0F18D388C80027C3B8</string>
			<key>buildPhases</key>
			<array>
				<string>76349CF218D388C80027C3B8</string>
				<string>76349D0218D388C80027C3B8</string>
				<string>76349D0A18D388C80027C3B8</string>
			</array>
			<key>buildRules</key>
			<array/>
			<key>dependencies</key>
			<array/>
			<key>isa</key>
			<string>PBXNativeTarget</string>
			<key>name</key>
			<string>TestFlight</string>
			<key>productName</key>
			<string>KPCC</string>
			<key>productReference</key>
			<string>76349D1218D388C80027C3B8</string>
			<key>productType</key>
			<string>com.apple.product-type.application</string>
		</dict>
		<key>76349CF218D388C80027C3B8</key>
		<dict>
			<key>buildActionMask</key>
			<string>2147483647</string>
			<key>files</key>
			<array>
				<string>76349D1C18D8C74F0027C3B8</string>
				<string>76349CF318D388C80027C3B8</string>
				<string>76349CF418D388C80027C3B8</string>
				<string>76349CF518D388C80027C3B8</string>
				<string>76349CF618D388C80027C3B8</string>
				<string>76349CF718D388C80027C3B8</string>
				<string>76349CF818D388C80027C3B8</string>
				<string>76349CF918D388C80027C3B8</string>
				<string>76349CFA18D388C80027C3B8</string>
				<string>76349CFB18D388C80027C3B8</string>
				<string>76349CFC18D388C80027C3B8</string>
				<string>76349CFD18D388C80027C3B8</string>
				<string>76349CFE18D388C80027C3B8</string>
				<string>76349CFF18D388C80027C3B8</string>
				<string>76349D0018D388C80027C3B8</string>
				<string>76349D0118D388C80027C3B8</string>
				<string>76349D2218D8F8A30027C3B8</string>
			</array>
			<key>isa</key>
			<string>PBXSourcesBuildPhase</string>
			<key>runOnlyForDeploymentPostprocessing</key>
			<string>0</string>
		</dict>
		<key>76349CF318D388C80027C3B8</key>
		<dict>
			<key>fileRef</key>
			<string>76E75F2F18CE4682008E3197</string>
			<key>isa</key>
			<string>PBXBuildFile</string>
		</dict>
		<key>76349CF418D388C80027C3B8</key>
		<dict>
			<key>fileRef</key>
			<string>76E75F2118CE4682008E3197</string>
			<key>isa</key>
			<string>PBXBuildFile</string>
		</dict>
		<key>76349CF518D388C80027C3B8</key>
		<dict>
			<key>fileRef</key>
			<string>76E75F3318CE4682008E3197</string>
			<key>isa</key>
			<string>PBXBuildFile</string>
		</dict>
		<key>76349CF618D388C80027C3B8</key>
		<dict>
			<key>fileRef</key>
			<string>76E75F2318CE4682008E3197</string>
			<key>isa</key>
			<string>PBXBuildFile</string>
		</dict>
		<key>76349CF718D388C80027C3B8</key>
		<dict>
			<key>fileRef</key>
			<string>76A308D618C8FB940065D4B1</string>
			<key>isa</key>
			<string>PBXBuildFile</string>
		</dict>
		<key>76349CF818D388C80027C3B8</key>
		<dict>
			<key>fileRef</key>
			<string>76A308D218C8FB940065D4B1</string>
			<key>isa</key>
			<string>PBXBuildFile</string>
		</dict>
		<key>76349CF918D388C80027C3B8</key>
		<dict>
			<key>fileRef</key>
			<string>76A3090318C93C880065D4B1</string>
			<key>isa</key>
			<string>PBXBuildFile</string>
		</dict>
		<key>76349CFA18D388C80027C3B8</key>
		<dict>
			<key>fileRef</key>
			<string>76E75F2718CE4682008E3197</string>
			<key>isa</key>
			<string>PBXBuildFile</string>
		</dict>
		<key>76349CFB18D388C80027C3B8</key>
		<dict>
			<key>fileRef</key>
			<string>76E75F2B18CE4682008E3197</string>
			<key>isa</key>
			<string>PBXBuildFile</string>
		</dict>
		<key>76349CFC18D388C80027C3B8</key>
		<dict>
			<key>fileRef</key>
			<string>76E75F2518CE4682008E3197</string>
			<key>isa</key>
			<string>PBXBuildFile</string>
		</dict>
		<key>76349CFD18D388C80027C3B8</key>
		<dict>
			<key>fileRef</key>
			<string>76E75F2918CE4682008E3197</string>
			<key>isa</key>
			<string>PBXBuildFile</string>
		</dict>
		<key>76349CFE18D388C80027C3B8</key>
		<dict>
			<key>fileRef</key>
			<string>76E75F1F18CE4682008E3197</string>
			<key>isa</key>
			<string>PBXBuildFile</string>
		</dict>
		<key>76349CFF18D388C80027C3B8</key>
		<dict>
			<key>fileRef</key>
			<string>76E75F2D18CE4682008E3197</string>
			<key>isa</key>
			<string>PBXBuildFile</string>
		</dict>
		<key>76349D0018D388C80027C3B8</key>
		<dict>
			<key>fileRef</key>
			<string>76A308DF18C8FB940065D4B1</string>
			<key>isa</key>
			<string>PBXBuildFile</string>
		</dict>
		<key>76349D0118D388C80027C3B8</key>
		<dict>
			<key>fileRef</key>
			<string>76E75F3118CE4682008E3197</string>
			<key>isa</key>
			<string>PBXBuildFile</string>
		</dict>
		<key>76349D0218D388C80027C3B8</key>
		<dict>
			<key>buildActionMask</key>
			<string>2147483647</string>
			<key>files</key>
			<array>
				<string>76349D2418D8F8D80027C3B8</string>
				<string>76349D0318D388C80027C3B8</string>
				<string>76349D0418D388C80027C3B8</string>
				<string>76349D0518D388C80027C3B8</string>
				<string>76349D0618D388C80027C3B8</string>
				<string>76349D0718D388C80027C3B8</string>
				<string>76349D0818D388C80027C3B8</string>
				<string>76349D0918D388C80027C3B8</string>
				<string>76349D1818D3B53E0027C3B8</string>
			</array>
			<key>isa</key>
			<string>PBXFrameworksBuildPhase</string>
			<key>runOnlyForDeploymentPostprocessing</key>
			<string>0</string>
		</dict>
		<key>76349D0318D388C80027C3B8</key>
		<dict>
			<key>fileRef</key>
			<string>76349CA918D3747E0027C3B8</string>
			<key>isa</key>
			<string>PBXBuildFile</string>
		</dict>
		<key>76349D0418D388C80027C3B8</key>
		<dict>
			<key>fileRef</key>
			<string>768EAAE018D26C9C00469734</string>
			<key>isa</key>
			<string>PBXBuildFile</string>
		</dict>
		<key>76349D0518D388C80027C3B8</key>
		<dict>
			<key>fileRef</key>
			<string>768EAADE18D26C5500469734</string>
			<key>isa</key>
			<string>PBXBuildFile</string>
		</dict>
		<key>76349D0618D388C80027C3B8</key>
		<dict>
			<key>fileRef</key>
			<string>76A308C818C8FB940065D4B1</string>
			<key>isa</key>
			<string>PBXBuildFile</string>
		</dict>
		<key>76349D0718D388C80027C3B8</key>
		<dict>
			<key>fileRef</key>
			<string>76349CA218D372B30027C3B8</string>
			<key>isa</key>
			<string>PBXBuildFile</string>
		</dict>
		<key>76349D0818D388C80027C3B8</key>
		<dict>
			<key>fileRef</key>
			<string>76A308CA18C8FB940065D4B1</string>
			<key>isa</key>
			<string>PBXBuildFile</string>
		</dict>
		<key>76349D0918D388C80027C3B8</key>
		<dict>
			<key>fileRef</key>
			<string>76A308C618C8FB940065D4B1</string>
			<key>isa</key>
			<string>PBXBuildFile</string>
		</dict>
		<key>76349D0A18D388C80027C3B8</key>
		<dict>
			<key>buildActionMask</key>
			<string>2147483647</string>
			<key>files</key>
			<array>
				<string>76349D0B18D388C80027C3B8</string>
				<string>76349D0C18D388C80027C3B8</string>
				<string>76349D0D18D388C80027C3B8</string>
				<string>76349D0E18D388C80027C3B8</string>
			</array>
			<key>isa</key>
			<string>PBXResourcesBuildPhase</string>
			<key>runOnlyForDeploymentPostprocessing</key>
			<string>0</string>
		</dict>
		<key>76349D0B18D388C80027C3B8</key>
		<dict>
			<key>fileRef</key>
			<string>76349CA718D373440027C3B8</string>
			<key>isa</key>
			<string>PBXBuildFile</string>
		</dict>
		<key>76349D0C18D388C80027C3B8</key>
		<dict>
			<key>fileRef</key>
			<string>76A308E418C8FB940065D4B1</string>
			<key>isa</key>
			<string>PBXBuildFile</string>
		</dict>
		<key>76349D0D18D388C80027C3B8</key>
		<dict>
			<key>fileRef</key>
			<string>76A308D818C8FB940065D4B1</string>
			<key>isa</key>
			<string>PBXBuildFile</string>
		</dict>
		<key>76349D0E18D388C80027C3B8</key>
		<dict>
			<key>fileRef</key>
			<string>76A308CF18C8FB940065D4B1</string>
			<key>isa</key>
			<string>PBXBuildFile</string>
		</dict>
		<key>76349D0F18D388C80027C3B8</key>
		<dict>
			<key>buildConfigurations</key>
			<array>
				<string>76349D1018D388C80027C3B8</string>
				<string>76349D1118D388C80027C3B8</string>
			</array>
			<key>defaultConfigurationIsVisible</key>
			<string>0</string>
			<key>defaultConfigurationName</key>
			<string>Release</string>
			<key>isa</key>
			<string>XCConfigurationList</string>
		</dict>
		<key>76349D1018D388C80027C3B8</key>
		<dict>
			<key>buildSettings</key>
			<dict>
				<key>ASSETCATALOG_COMPILER_APPICON_NAME</key>
				<string>AppIcon</string>
				<key>ASSETCATALOG_COMPILER_LAUNCHIMAGE_NAME</key>
				<string>LaunchImage</string>
				<key>CODE_SIGN_IDENTITY</key>
				<string>iPhone Developer</string>
				<key>GCC_PRECOMPILE_PREFIX_HEADER</key>
				<string>YES</string>
				<key>GCC_PREFIX_HEADER</key>
				<string>KPCC/KPCC-Prefix.pch</string>
				<key>GCC_PREPROCESSOR_DEFINITIONS</key>
				<array>
					<string>DEBUG=1</string>
					<string>$(inherited)</string>
					<string>ENABLE_TESTFLIGHT</string>
				</array>
				<key>INFOPLIST_FILE</key>
				<string>Testflight-Info.plist</string>
				<key>IPHONEOS_DEPLOYMENT_TARGET</key>
				<string>7.0</string>
				<key>LIBRARY_SEARCH_PATHS</key>
				<array>
					<string>$(inherited)</string>
					<string>$(PROJECT_DIR)/KPCC/ThirdParty/TestFlight</string>
					<string>$(PROJECT_DIR)/KPCC/ThirdParty/Flurry</string>
				</array>
				<key>PRODUCT_NAME</key>
				<string>KPCC Testflight</string>
				<key>TARGETED_DEVICE_FAMILY</key>
				<string>1</string>
				<key>WRAPPER_EXTENSION</key>
				<string>app</string>
			</dict>
			<key>isa</key>
			<string>XCBuildConfiguration</string>
			<key>name</key>
			<string>Debug</string>
		</dict>
		<key>76349D1118D388C80027C3B8</key>
		<dict>
			<key>buildSettings</key>
			<dict>
				<key>ASSETCATALOG_COMPILER_APPICON_NAME</key>
				<string>AppIcon</string>
				<key>ASSETCATALOG_COMPILER_LAUNCHIMAGE_NAME</key>
				<string>LaunchImage</string>
				<key>CODE_SIGN_IDENTITY</key>
				<string>iPhone Developer</string>
				<key>GCC_PRECOMPILE_PREFIX_HEADER</key>
				<string>YES</string>
				<key>GCC_PREFIX_HEADER</key>
				<string>KPCC/KPCC-Prefix.pch</string>
				<key>GCC_PREPROCESSOR_DEFINITIONS</key>
				<string>ENABLE_TESTFLIGHT</string>
				<key>INFOPLIST_FILE</key>
				<string>Testflight-Info.plist</string>
				<key>IPHONEOS_DEPLOYMENT_TARGET</key>
				<string>7.0</string>
				<key>LIBRARY_SEARCH_PATHS</key>
				<array>
					<string>$(inherited)</string>
					<string>$(PROJECT_DIR)/KPCC/ThirdParty/TestFlight</string>
					<string>$(PROJECT_DIR)/KPCC/ThirdParty/Flurry</string>
				</array>
				<key>PRODUCT_NAME</key>
				<string>KPCC Testflight</string>
				<key>TARGETED_DEVICE_FAMILY</key>
				<string>1</string>
				<key>WRAPPER_EXTENSION</key>
				<string>app</string>
			</dict>
			<key>isa</key>
			<string>XCBuildConfiguration</string>
			<key>name</key>
			<string>Release</string>
		</dict>
		<key>76349D1218D388C80027C3B8</key>
		<dict>
			<key>explicitFileType</key>
			<string>wrapper.application</string>
			<key>includeInIndex</key>
			<string>0</string>
			<key>isa</key>
			<string>PBXFileReference</string>
			<key>path</key>
			<string>KPCC Testflight.app</string>
			<key>sourceTree</key>
			<string>BUILT_PRODUCTS_DIR</string>
		</dict>
		<key>76349D1318D388C80027C3B8</key>
		<dict>
			<key>isa</key>
			<string>PBXFileReference</string>
			<key>lastKnownFileType</key>
			<string>text.plist.xml</string>
			<key>name</key>
			<string>Testflight-Info.plist</string>
			<key>path</key>
			<string>/Users/jmeeker/Sites/KPCC-iPhone/Testflight-Info.plist</string>
			<key>sourceTree</key>
			<string>&lt;absolute&gt;</string>
		</dict>
		<key>76349D1418D3B53D0027C3B8</key>
		<dict>
			<key>children</key>
			<array>
				<string>76349D1518D3B53D0027C3B8</string>
				<string>76349D1618D3B53D0027C3B8</string>
			</array>
			<key>isa</key>
			<string>PBXGroup</string>
			<key>path</key>
			<string>Flurry</string>
			<key>sourceTree</key>
			<string>&lt;group&gt;</string>
		</dict>
		<key>76349D1518D3B53D0027C3B8</key>
		<dict>
			<key>fileEncoding</key>
			<string>4</string>
			<key>isa</key>
			<string>PBXFileReference</string>
			<key>lastKnownFileType</key>
			<string>sourcecode.c.h</string>
			<key>path</key>
			<string>Flurry.h</string>
			<key>sourceTree</key>
			<string>&lt;group&gt;</string>
		</dict>
		<key>76349D1618D3B53D0027C3B8</key>
		<dict>
			<key>isa</key>
			<string>PBXFileReference</string>
			<key>lastKnownFileType</key>
			<string>archive.ar</string>
			<key>path</key>
			<string>libFlurry_4.3.2.a</string>
			<key>sourceTree</key>
			<string>&lt;group&gt;</string>
		</dict>
		<key>76349D1718D3B53D0027C3B8</key>
		<dict>
			<key>fileRef</key>
			<string>76349D1618D3B53D0027C3B8</string>
			<key>isa</key>
			<string>PBXBuildFile</string>
		</dict>
		<key>76349D1818D3B53E0027C3B8</key>
		<dict>
			<key>fileRef</key>
			<string>76349D1618D3B53D0027C3B8</string>
			<key>isa</key>
			<string>PBXBuildFile</string>
		</dict>
		<key>76349D1918D8C74F0027C3B8</key>
		<dict>
			<key>fileEncoding</key>
			<string>4</string>
			<key>isa</key>
			<string>PBXFileReference</string>
			<key>lastKnownFileType</key>
			<string>sourcecode.c.h</string>
			<key>name</key>
			<string>NetworkManager.h</string>
			<key>path</key>
			<string>Managers/NetworkManager.h</string>
			<key>sourceTree</key>
			<string>&lt;group&gt;</string>
		</dict>
		<key>76349D1A18D8C74F0027C3B8</key>
		<dict>
			<key>fileEncoding</key>
			<string>4</string>
			<key>isa</key>
			<string>PBXFileReference</string>
			<key>lastKnownFileType</key>
			<string>sourcecode.c.objc</string>
			<key>name</key>
			<string>NetworkManager.m</string>
			<key>path</key>
			<string>Managers/NetworkManager.m</string>
			<key>sourceTree</key>
			<string>&lt;group&gt;</string>
		</dict>
		<key>76349D1B18D8C74F0027C3B8</key>
		<dict>
			<key>fileRef</key>
			<string>76349D1A18D8C74F0027C3B8</string>
			<key>isa</key>
			<string>PBXBuildFile</string>
		</dict>
		<key>76349D1C18D8C74F0027C3B8</key>
		<dict>
			<key>fileRef</key>
			<string>76349D1A18D8C74F0027C3B8</string>
			<key>isa</key>
			<string>PBXBuildFile</string>
		</dict>
		<key>76349D1E18D8F8A30027C3B8</key>
		<dict>
			<key>children</key>
			<array>
				<string>76349D1F18D8F8A30027C3B8</string>
				<string>76349D2018D8F8A30027C3B8</string>
			</array>
			<key>isa</key>
			<string>PBXGroup</string>
			<key>path</key>
			<string>Helpers</string>
			<key>sourceTree</key>
			<string>&lt;group&gt;</string>
		</dict>
		<key>76349D1F18D8F8A30027C3B8</key>
		<dict>
			<key>fileEncoding</key>
			<string>4</string>
			<key>isa</key>
			<string>PBXFileReference</string>
			<key>lastKnownFileType</key>
			<string>sourcecode.c.h</string>
			<key>path</key>
			<string>Reachability.h</string>
			<key>sourceTree</key>
			<string>&lt;group&gt;</string>
		</dict>
		<key>76349D2018D8F8A30027C3B8</key>
		<dict>
			<key>fileEncoding</key>
			<string>4</string>
			<key>isa</key>
			<string>PBXFileReference</string>
			<key>lastKnownFileType</key>
			<string>sourcecode.c.objc</string>
			<key>path</key>
			<string>Reachability.m</string>
			<key>sourceTree</key>
			<string>&lt;group&gt;</string>
		</dict>
		<key>76349D2118D8F8A30027C3B8</key>
		<dict>
			<key>fileRef</key>
			<string>76349D2018D8F8A30027C3B8</string>
			<key>isa</key>
			<string>PBXBuildFile</string>
		</dict>
		<key>76349D2218D8F8A30027C3B8</key>
		<dict>
			<key>fileRef</key>
			<string>76349D2018D8F8A30027C3B8</string>
			<key>isa</key>
			<string>PBXBuildFile</string>
		</dict>
		<key>76349D2318D8F8D80027C3B8</key>
		<dict>
			<key>isa</key>
			<string>PBXFileReference</string>
			<key>lastKnownFileType</key>
			<string>wrapper.framework</string>
			<key>name</key>
			<string>SystemConfiguration.framework</string>
			<key>path</key>
			<string>System/Library/Frameworks/SystemConfiguration.framework</string>
			<key>sourceTree</key>
			<string>SDKROOT</string>
		</dict>
		<key>76349D2418D8F8D80027C3B8</key>
		<dict>
			<key>fileRef</key>
			<string>76349D2318D8F8D80027C3B8</string>
			<key>isa</key>
			<string>PBXBuildFile</string>
		</dict>
		<key>768EAADE18D26C5500469734</key>
		<dict>
			<key>isa</key>
			<string>PBXFileReference</string>
			<key>lastKnownFileType</key>
			<string>wrapper.framework</string>
			<key>name</key>
			<string>MediaPlayer.framework</string>
			<key>path</key>
			<string>System/Library/Frameworks/MediaPlayer.framework</string>
			<key>sourceTree</key>
			<string>SDKROOT</string>
		</dict>
		<key>768EAADF18D26C5500469734</key>
		<dict>
			<key>fileRef</key>
			<string>768EAADE18D26C5500469734</string>
			<key>isa</key>
			<string>PBXBuildFile</string>
		</dict>
		<key>768EAAE018D26C9C00469734</key>
		<dict>
			<key>isa</key>
			<string>PBXFileReference</string>
			<key>lastKnownFileType</key>
			<string>wrapper.framework</string>
			<key>name</key>
			<string>AVFoundation.framework</string>
			<key>path</key>
			<string>System/Library/Frameworks/AVFoundation.framework</string>
			<key>sourceTree</key>
			<string>SDKROOT</string>
		</dict>
		<key>768EAAE118D26C9C00469734</key>
		<dict>
			<key>fileRef</key>
			<string>768EAAE018D26C9C00469734</string>
			<key>isa</key>
			<string>PBXBuildFile</string>
		</dict>
		<key>76A308BA18C8FB940065D4B1</key>
		<dict>
			<key>children</key>
			<array>
				<string>76349CA718D373440027C3B8</string>
				<string>76A308CC18C8FB940065D4B1</string>
				<string>76A308F118C8FB950065D4B1</string>
				<string>76A308C518C8FB940065D4B1</string>
				<string>76A308C418C8FB940065D4B1</string>
				<string>3D27774292D34CDA90CFAEC3</string>
			</array>
			<key>isa</key>
			<string>PBXGroup</string>
			<key>sourceTree</key>
			<string>&lt;group&gt;</string>
		</dict>
		<key>76A308BB18C8FB940065D4B1</key>
		<dict>
			<key>attributes</key>
			<dict>
				<key>CLASSPREFIX</key>
				<string>SCPR</string>
				<key>LastUpgradeCheck</key>
				<string>0510</string>
				<key>ORGANIZATIONNAME</key>
				<string>SCPR</string>
				<key>TargetAttributes</key>
				<dict>
					<key>76349CF118D388C80027C3B8</key>
					<dict>
						<key>DevelopmentTeam</key>
						<string>SXALEDSVFU</string>
					</dict>
					<key>76A308C218C8FB940065D4B1</key>
					<dict>
						<key>DevelopmentTeam</key>
						<string>SXALEDSVFU</string>
						<key>SystemCapabilities</key>
						<dict>
							<key>com.apple.BackgroundModes</key>
							<dict>
								<key>enabled</key>
								<string>1</string>
							</dict>
						</dict>
					</dict>
					<key>76A308E918C8FB940065D4B1</key>
					<dict>
						<key>TestTargetID</key>
						<string>76A308C218C8FB940065D4B1</string>
					</dict>
				</dict>
			</dict>
			<key>buildConfigurationList</key>
			<string>76A308BE18C8FB940065D4B1</string>
			<key>compatibilityVersion</key>
			<string>Xcode 3.2</string>
			<key>developmentRegion</key>
			<string>English</string>
			<key>hasScannedForEncodings</key>
			<string>0</string>
			<key>isa</key>
			<string>PBXProject</string>
			<key>knownRegions</key>
			<array>
				<string>en</string>
				<string>Base</string>
			</array>
			<key>mainGroup</key>
			<string>76A308BA18C8FB940065D4B1</string>
			<key>productRefGroup</key>
			<string>76A308C418C8FB940065D4B1</string>
			<key>projectDirPath</key>
			<string></string>
			<key>projectReferences</key>
			<array/>
			<key>projectRoot</key>
			<string></string>
			<key>targets</key>
			<array>
				<string>76A308C218C8FB940065D4B1</string>
				<string>76A308E918C8FB940065D4B1</string>
				<string>76349CF118D388C80027C3B8</string>
			</array>
		</dict>
		<key>76A308BE18C8FB940065D4B1</key>
		<dict>
			<key>buildConfigurations</key>
			<array>
				<string>76A308F918C8FB950065D4B1</string>
				<string>76A308FA18C8FB950065D4B1</string>
			</array>
			<key>defaultConfigurationIsVisible</key>
			<string>0</string>
			<key>defaultConfigurationName</key>
			<string>Release</string>
			<key>isa</key>
			<string>XCConfigurationList</string>
		</dict>
		<key>76A308BF18C8FB940065D4B1</key>
		<dict>
			<key>buildActionMask</key>
			<string>2147483647</string>
			<key>files</key>
			<array>
				<string>76349D1B18D8C74F0027C3B8</string>
				<string>76E75F3D18CE4682008E3197</string>
				<string>76E75F3618CE4682008E3197</string>
				<string>76E75F3F18CE4682008E3197</string>
				<string>76E75F3718CE4682008E3197</string>
				<string>76A308D718C8FB940065D4B1</string>
				<string>76A308D318C8FB940065D4B1</string>
				<string>76A3090418C93C880065D4B1</string>
				<string>76E75F3918CE4682008E3197</string>
				<string>76E75F3B18CE4682008E3197</string>
				<string>76E75F3818CE4682008E3197</string>
				<string>76E75F3A18CE4682008E3197</string>
				<string>76E75F3518CE4682008E3197</string>
				<string>76E75F3C18CE4682008E3197</string>
				<string>76A308E018C8FB940065D4B1</string>
				<string>76E75F3E18CE4682008E3197</string>
				<string>76349D2118D8F8A30027C3B8</string>
			</array>
			<key>isa</key>
			<string>PBXSourcesBuildPhase</string>
			<key>runOnlyForDeploymentPostprocessing</key>
			<string>0</string>
		</dict>
		<key>76A308C018C8FB940065D4B1</key>
		<dict>
			<key>buildActionMask</key>
			<string>2147483647</string>
			<key>files</key>
			<array>
				<string>76349CAA18D3747E0027C3B8</string>
				<string>768EAAE118D26C9C00469734</string>
				<string>768EAADF18D26C5500469734</string>
				<string>76A308C918C8FB940065D4B1</string>
				<string>76349CA618D372B30027C3B8</string>
				<string>76A308CB18C8FB940065D4B1</string>
				<string>76A308C718C8FB940065D4B1</string>
				<string>76349D1718D3B53D0027C3B8</string>
				<string>D60D1CDDD065418D8BE73D8C</string>
			</array>
			<key>isa</key>
			<string>PBXFrameworksBuildPhase</string>
			<key>runOnlyForDeploymentPostprocessing</key>
			<string>0</string>
		</dict>
		<key>76A308C118C8FB940065D4B1</key>
		<dict>
			<key>buildActionMask</key>
			<string>2147483647</string>
			<key>files</key>
			<array>
				<string>76349CA818D373440027C3B8</string>
				<string>76A308E518C8FB940065D4B1</string>
				<string>76A308DA18C8FB940065D4B1</string>
				<string>76A308D118C8FB940065D4B1</string>
			</array>
			<key>isa</key>
			<string>PBXResourcesBuildPhase</string>
			<key>runOnlyForDeploymentPostprocessing</key>
			<string>0</string>
		</dict>
		<key>76A308C218C8FB940065D4B1</key>
		<dict>
			<key>buildConfigurationList</key>
			<string>76A308FB18C8FB950065D4B1</string>
			<key>buildPhases</key>
			<array>
				<string>2E850504DBEA4BBA8459FA23</string>
				<string>76A308BF18C8FB940065D4B1</string>
				<string>76A308C018C8FB940065D4B1</string>
				<string>76A308C118C8FB940065D4B1</string>
				<string>9E4DCD001A0847218C219F40</string>
			</array>
			<key>buildRules</key>
			<array/>
			<key>dependencies</key>
			<array/>
			<key>isa</key>
			<string>PBXNativeTarget</string>
			<key>name</key>
			<string>KPCC</string>
			<key>productName</key>
			<string>KPCC</string>
			<key>productReference</key>
			<string>76A308C318C8FB940065D4B1</string>
			<key>productType</key>
			<string>com.apple.product-type.application</string>
		</dict>
		<key>76A308C318C8FB940065D4B1</key>
		<dict>
			<key>explicitFileType</key>
			<string>wrapper.application</string>
			<key>includeInIndex</key>
			<string>0</string>
			<key>isa</key>
			<string>PBXFileReference</string>
			<key>path</key>
			<string>KPCC.app</string>
			<key>sourceTree</key>
			<string>BUILT_PRODUCTS_DIR</string>
		</dict>
		<key>76A308C418C8FB940065D4B1</key>
		<dict>
			<key>children</key>
			<array>
				<string>76A308C318C8FB940065D4B1</string>
				<string>76A308EA18C8FB950065D4B1</string>
				<string>76349D1218D388C80027C3B8</string>
			</array>
			<key>isa</key>
			<string>PBXGroup</string>
			<key>name</key>
			<string>Products</string>
			<key>sourceTree</key>
			<string>&lt;group&gt;</string>
		</dict>
		<key>76A308C518C8FB940065D4B1</key>
		<dict>
			<key>children</key>
			<array>
				<string>76349D2318D8F8D80027C3B8</string>
				<string>76349CA918D3747E0027C3B8</string>
				<string>768EAAE018D26C9C00469734</string>
				<string>768EAADE18D26C5500469734</string>
				<string>76A308C618C8FB940065D4B1</string>
				<string>76A308C818C8FB940065D4B1</string>
				<string>76A308CA18C8FB940065D4B1</string>
				<string>76A308EB18C8FB950065D4B1</string>
				<string>C4832A831DF6416997B73FBF</string>
			</array>
			<key>isa</key>
			<string>PBXGroup</string>
			<key>name</key>
			<string>Frameworks</string>
			<key>sourceTree</key>
			<string>&lt;group&gt;</string>
		</dict>
		<key>76A308C618C8FB940065D4B1</key>
		<dict>
			<key>isa</key>
			<string>PBXFileReference</string>
			<key>lastKnownFileType</key>
			<string>wrapper.framework</string>
			<key>name</key>
			<string>Foundation.framework</string>
			<key>path</key>
			<string>System/Library/Frameworks/Foundation.framework</string>
			<key>sourceTree</key>
			<string>SDKROOT</string>
		</dict>
		<key>76A308C718C8FB940065D4B1</key>
		<dict>
			<key>fileRef</key>
			<string>76A308C618C8FB940065D4B1</string>
			<key>isa</key>
			<string>PBXBuildFile</string>
		</dict>
		<key>76A308C818C8FB940065D4B1</key>
		<dict>
			<key>isa</key>
			<string>PBXFileReference</string>
			<key>lastKnownFileType</key>
			<string>wrapper.framework</string>
			<key>name</key>
			<string>CoreGraphics.framework</string>
			<key>path</key>
			<string>System/Library/Frameworks/CoreGraphics.framework</string>
			<key>sourceTree</key>
			<string>SDKROOT</string>
		</dict>
		<key>76A308C918C8FB940065D4B1</key>
		<dict>
			<key>fileRef</key>
			<string>76A308C818C8FB940065D4B1</string>
			<key>isa</key>
			<string>PBXBuildFile</string>
		</dict>
		<key>76A308CA18C8FB940065D4B1</key>
		<dict>
			<key>isa</key>
			<string>PBXFileReference</string>
			<key>lastKnownFileType</key>
			<string>wrapper.framework</string>
			<key>name</key>
			<string>UIKit.framework</string>
			<key>path</key>
			<string>System/Library/Frameworks/UIKit.framework</string>
			<key>sourceTree</key>
			<string>SDKROOT</string>
		</dict>
		<key>76A308CB18C8FB940065D4B1</key>
		<dict>
			<key>fileRef</key>
			<string>76A308CA18C8FB940065D4B1</string>
			<key>isa</key>
			<string>PBXBuildFile</string>
		</dict>
		<key>76A308CC18C8FB940065D4B1</key>
		<dict>
			<key>children</key>
			<array>
				<string>76349D1E18D8F8A30027C3B8</string>
				<string>76E75F1C18CE4682008E3197</string>
				<string>76A3090118C93C3A0065D4B1</string>
				<string>76A308D518C8FB940065D4B1</string>
				<string>76A308D618C8FB940065D4B1</string>
				<string>76A308D818C8FB940065D4B1</string>
				<string>76A308DE18C8FB940065D4B1</string>
				<string>76A308DF18C8FB940065D4B1</string>
				<string>76A308E418C8FB940065D4B1</string>
				<string>76A308CD18C8FB940065D4B1</string>
			</array>
			<key>isa</key>
			<string>PBXGroup</string>
			<key>path</key>
			<string>KPCC</string>
			<key>sourceTree</key>
			<string>&lt;group&gt;</string>
		</dict>
		<key>76A308CD18C8FB940065D4B1</key>
		<dict>
			<key>children</key>
			<array>
				<string>76A308CE18C8FB940065D4B1</string>
				<string>76349D1318D388C80027C3B8</string>
				<string>76A308CF18C8FB940065D4B1</string>
				<string>76A308D218C8FB940065D4B1</string>
				<string>76A308D418C8FB940065D4B1</string>
			</array>
			<key>isa</key>
			<string>PBXGroup</string>
			<key>name</key>
			<string>Supporting Files</string>
			<key>sourceTree</key>
			<string>&lt;group&gt;</string>
		</dict>
		<key>76A308CE18C8FB940065D4B1</key>
		<dict>
			<key>isa</key>
			<string>PBXFileReference</string>
			<key>lastKnownFileType</key>
			<string>text.plist.xml</string>
			<key>path</key>
			<string>KPCC-Info.plist</string>
			<key>sourceTree</key>
			<string>&lt;group&gt;</string>
		</dict>
		<key>76A308CF18C8FB940065D4B1</key>
		<dict>
			<key>children</key>
			<array>
				<string>76A308D018C8FB940065D4B1</string>
			</array>
			<key>isa</key>
			<string>PBXVariantGroup</string>
			<key>name</key>
			<string>InfoPlist.strings</string>
			<key>sourceTree</key>
			<string>&lt;group&gt;</string>
		</dict>
		<key>76A308D018C8FB940065D4B1</key>
		<dict>
			<key>isa</key>
			<string>PBXFileReference</string>
			<key>lastKnownFileType</key>
			<string>text.plist.strings</string>
			<key>name</key>
			<string>en</string>
			<key>path</key>
			<string>en.lproj/InfoPlist.strings</string>
			<key>sourceTree</key>
			<string>&lt;group&gt;</string>
		</dict>
		<key>76A308D118C8FB940065D4B1</key>
		<dict>
			<key>fileRef</key>
			<string>76A308CF18C8FB940065D4B1</string>
			<key>isa</key>
			<string>PBXBuildFile</string>
		</dict>
		<key>76A308D218C8FB940065D4B1</key>
		<dict>
			<key>isa</key>
			<string>PBXFileReference</string>
			<key>lastKnownFileType</key>
			<string>sourcecode.c.objc</string>
			<key>path</key>
			<string>main.m</string>
			<key>sourceTree</key>
			<string>&lt;group&gt;</string>
		</dict>
		<key>76A308D318C8FB940065D4B1</key>
		<dict>
			<key>fileRef</key>
			<string>76A308D218C8FB940065D4B1</string>
			<key>isa</key>
			<string>PBXBuildFile</string>
		</dict>
		<key>76A308D418C8FB940065D4B1</key>
		<dict>
			<key>isa</key>
			<string>PBXFileReference</string>
			<key>lastKnownFileType</key>
			<string>sourcecode.c.h</string>
			<key>path</key>
			<string>KPCC-Prefix.pch</string>
			<key>sourceTree</key>
			<string>&lt;group&gt;</string>
		</dict>
		<key>76A308D518C8FB940065D4B1</key>
		<dict>
			<key>isa</key>
			<string>PBXFileReference</string>
			<key>lastKnownFileType</key>
			<string>sourcecode.c.h</string>
			<key>path</key>
			<string>SCPRAppDelegate.h</string>
			<key>sourceTree</key>
			<string>&lt;group&gt;</string>
		</dict>
		<key>76A308D618C8FB940065D4B1</key>
		<dict>
			<key>isa</key>
			<string>PBXFileReference</string>
			<key>lastKnownFileType</key>
			<string>sourcecode.c.objc</string>
			<key>path</key>
			<string>SCPRAppDelegate.m</string>
			<key>sourceTree</key>
			<string>&lt;group&gt;</string>
		</dict>
		<key>76A308D718C8FB940065D4B1</key>
		<dict>
			<key>fileRef</key>
			<string>76A308D618C8FB940065D4B1</string>
			<key>isa</key>
			<string>PBXBuildFile</string>
		</dict>
		<key>76A308D818C8FB940065D4B1</key>
		<dict>
			<key>children</key>
			<array>
				<string>76A308D918C8FB940065D4B1</string>
			</array>
			<key>isa</key>
			<string>PBXVariantGroup</string>
			<key>name</key>
			<string>Main_iPhone.storyboard</string>
			<key>sourceTree</key>
			<string>&lt;group&gt;</string>
		</dict>
		<key>76A308D918C8FB940065D4B1</key>
		<dict>
			<key>isa</key>
			<string>PBXFileReference</string>
			<key>lastKnownFileType</key>
			<string>file.storyboard</string>
			<key>name</key>
			<string>Base</string>
			<key>path</key>
			<string>Base.lproj/Main_iPhone.storyboard</string>
			<key>sourceTree</key>
			<string>&lt;group&gt;</string>
		</dict>
		<key>76A308DA18C8FB940065D4B1</key>
		<dict>
			<key>fileRef</key>
			<string>76A308D818C8FB940065D4B1</string>
			<key>isa</key>
			<string>PBXBuildFile</string>
		</dict>
		<key>76A308DE18C8FB940065D4B1</key>
		<dict>
			<key>isa</key>
			<string>PBXFileReference</string>
			<key>lastKnownFileType</key>
			<string>sourcecode.c.h</string>
			<key>path</key>
			<string>SCPRFirstViewController.h</string>
			<key>sourceTree</key>
			<string>&lt;group&gt;</string>
		</dict>
		<key>76A308DF18C8FB940065D4B1</key>
		<dict>
			<key>isa</key>
			<string>PBXFileReference</string>
			<key>lastKnownFileType</key>
			<string>sourcecode.c.objc</string>
			<key>path</key>
			<string>SCPRFirstViewController.m</string>
			<key>sourceTree</key>
			<string>&lt;group&gt;</string>
		</dict>
		<key>76A308E018C8FB940065D4B1</key>
		<dict>
			<key>fileRef</key>
			<string>76A308DF18C8FB940065D4B1</string>
			<key>isa</key>
			<string>PBXBuildFile</string>
		</dict>
		<key>76A308E418C8FB940065D4B1</key>
		<dict>
			<key>isa</key>
			<string>PBXFileReference</string>
			<key>lastKnownFileType</key>
			<string>folder.assetcatalog</string>
			<key>path</key>
			<string>Images.xcassets</string>
			<key>sourceTree</key>
			<string>&lt;group&gt;</string>
		</dict>
		<key>76A308E518C8FB940065D4B1</key>
		<dict>
			<key>fileRef</key>
			<string>76A308E418C8FB940065D4B1</string>
			<key>isa</key>
			<string>PBXBuildFile</string>
		</dict>
		<key>76A308E618C8FB940065D4B1</key>
		<dict>
			<key>buildActionMask</key>
			<string>2147483647</string>
			<key>files</key>
			<array>
				<string>76A308F818C8FB950065D4B1</string>
			</array>
			<key>isa</key>
			<string>PBXSourcesBuildPhase</string>
			<key>runOnlyForDeploymentPostprocessing</key>
			<string>0</string>
		</dict>
		<key>76A308E718C8FB940065D4B1</key>
		<dict>
			<key>buildActionMask</key>
			<string>2147483647</string>
			<key>files</key>
			<array>
				<string>76A308EC18C8FB950065D4B1</string>
				<string>76A308EE18C8FB950065D4B1</string>
				<string>76A308ED18C8FB950065D4B1</string>
			</array>
			<key>isa</key>
			<string>PBXFrameworksBuildPhase</string>
			<key>runOnlyForDeploymentPostprocessing</key>
			<string>0</string>
		</dict>
		<key>76A308E818C8FB940065D4B1</key>
		<dict>
			<key>buildActionMask</key>
			<string>2147483647</string>
			<key>files</key>
			<array>
				<string>76A308F618C8FB950065D4B1</string>
			</array>
			<key>isa</key>
			<string>PBXResourcesBuildPhase</string>
			<key>runOnlyForDeploymentPostprocessing</key>
			<string>0</string>
		</dict>
		<key>76A308E918C8FB940065D4B1</key>
		<dict>
			<key>buildConfigurationList</key>
			<string>76A308FE18C8FB950065D4B1</string>
			<key>buildPhases</key>
			<array>
				<string>76A308E618C8FB940065D4B1</string>
				<string>76A308E718C8FB940065D4B1</string>
				<string>76A308E818C8FB940065D4B1</string>
			</array>
			<key>buildRules</key>
			<array/>
			<key>dependencies</key>
			<array>
				<string>76A308F018C8FB950065D4B1</string>
			</array>
			<key>isa</key>
			<string>PBXNativeTarget</string>
			<key>name</key>
			<string>KPCCTests</string>
			<key>productName</key>
			<string>KPCCTests</string>
			<key>productReference</key>
			<string>76A308EA18C8FB950065D4B1</string>
			<key>productType</key>
			<string>com.apple.product-type.bundle.unit-test</string>
		</dict>
		<key>76A308EA18C8FB950065D4B1</key>
		<dict>
			<key>explicitFileType</key>
			<string>wrapper.cfbundle</string>
			<key>includeInIndex</key>
			<string>0</string>
			<key>isa</key>
			<string>PBXFileReference</string>
			<key>path</key>
			<string>KPCCTests.xctest</string>
			<key>sourceTree</key>
			<string>BUILT_PRODUCTS_DIR</string>
		</dict>
		<key>76A308EB18C8FB950065D4B1</key>
		<dict>
			<key>isa</key>
			<string>PBXFileReference</string>
			<key>lastKnownFileType</key>
			<string>wrapper.framework</string>
			<key>name</key>
			<string>XCTest.framework</string>
			<key>path</key>
			<string>Library/Frameworks/XCTest.framework</string>
			<key>sourceTree</key>
			<string>DEVELOPER_DIR</string>
		</dict>
		<key>76A308EC18C8FB950065D4B1</key>
		<dict>
			<key>fileRef</key>
			<string>76A308EB18C8FB950065D4B1</string>
			<key>isa</key>
			<string>PBXBuildFile</string>
		</dict>
		<key>76A308ED18C8FB950065D4B1</key>
		<dict>
			<key>fileRef</key>
			<string>76A308C618C8FB940065D4B1</string>
			<key>isa</key>
			<string>PBXBuildFile</string>
		</dict>
		<key>76A308EE18C8FB950065D4B1</key>
		<dict>
			<key>fileRef</key>
			<string>76A308CA18C8FB940065D4B1</string>
			<key>isa</key>
			<string>PBXBuildFile</string>
		</dict>
		<key>76A308EF18C8FB950065D4B1</key>
		<dict>
			<key>containerPortal</key>
			<string>76A308BB18C8FB940065D4B1</string>
			<key>isa</key>
			<string>PBXContainerItemProxy</string>
			<key>proxyType</key>
			<string>1</string>
			<key>remoteGlobalIDString</key>
			<string>76A308C218C8FB940065D4B1</string>
			<key>remoteInfo</key>
			<string>KPCC</string>
		</dict>
		<key>76A308F018C8FB950065D4B1</key>
		<dict>
			<key>isa</key>
			<string>PBXTargetDependency</string>
			<key>target</key>
			<string>76A308C218C8FB940065D4B1</string>
			<key>targetProxy</key>
			<string>76A308EF18C8FB950065D4B1</string>
		</dict>
		<key>76A308F118C8FB950065D4B1</key>
		<dict>
			<key>children</key>
			<array>
				<string>76A308F718C8FB950065D4B1</string>
				<string>76A308F218C8FB950065D4B1</string>
			</array>
			<key>isa</key>
			<string>PBXGroup</string>
			<key>path</key>
			<string>KPCCTests</string>
			<key>sourceTree</key>
			<string>&lt;group&gt;</string>
		</dict>
		<key>76A308F218C8FB950065D4B1</key>
		<dict>
			<key>children</key>
			<array>
				<string>76A308F318C8FB950065D4B1</string>
				<string>76A308F418C8FB950065D4B1</string>
			</array>
			<key>isa</key>
			<string>PBXGroup</string>
			<key>name</key>
			<string>Supporting Files</string>
			<key>sourceTree</key>
			<string>&lt;group&gt;</string>
		</dict>
		<key>76A308F318C8FB950065D4B1</key>
		<dict>
			<key>isa</key>
			<string>PBXFileReference</string>
			<key>lastKnownFileType</key>
			<string>text.plist.xml</string>
			<key>path</key>
			<string>KPCCTests-Info.plist</string>
			<key>sourceTree</key>
			<string>&lt;group&gt;</string>
		</dict>
		<key>76A308F418C8FB950065D4B1</key>
		<dict>
			<key>children</key>
			<array>
				<string>76A308F518C8FB950065D4B1</string>
			</array>
			<key>isa</key>
			<string>PBXVariantGroup</string>
			<key>name</key>
			<string>InfoPlist.strings</string>
			<key>sourceTree</key>
			<string>&lt;group&gt;</string>
		</dict>
		<key>76A308F518C8FB950065D4B1</key>
		<dict>
			<key>isa</key>
			<string>PBXFileReference</string>
			<key>lastKnownFileType</key>
			<string>text.plist.strings</string>
			<key>name</key>
			<string>en</string>
			<key>path</key>
			<string>en.lproj/InfoPlist.strings</string>
			<key>sourceTree</key>
			<string>&lt;group&gt;</string>
		</dict>
		<key>76A308F618C8FB950065D4B1</key>
		<dict>
			<key>fileRef</key>
			<string>76A308F418C8FB950065D4B1</string>
			<key>isa</key>
			<string>PBXBuildFile</string>
		</dict>
		<key>76A308F718C8FB950065D4B1</key>
		<dict>
			<key>isa</key>
			<string>PBXFileReference</string>
			<key>lastKnownFileType</key>
			<string>sourcecode.c.objc</string>
			<key>path</key>
			<string>KPCCTests.m</string>
			<key>sourceTree</key>
			<string>&lt;group&gt;</string>
		</dict>
		<key>76A308F818C8FB950065D4B1</key>
		<dict>
			<key>fileRef</key>
			<string>76A308F718C8FB950065D4B1</string>
			<key>isa</key>
			<string>PBXBuildFile</string>
		</dict>
		<key>76A308F918C8FB950065D4B1</key>
		<dict>
			<key>buildSettings</key>
			<dict>
				<key>ALWAYS_SEARCH_USER_PATHS</key>
				<string>NO</string>
				<key>CLANG_CXX_LANGUAGE_STANDARD</key>
				<string>gnu++0x</string>
				<key>CLANG_CXX_LIBRARY</key>
				<string>libc++</string>
				<key>CLANG_ENABLE_MODULES</key>
				<string>YES</string>
				<key>CLANG_ENABLE_OBJC_ARC</key>
				<string>YES</string>
				<key>CLANG_WARN_BOOL_CONVERSION</key>
				<string>YES</string>
				<key>CLANG_WARN_CONSTANT_CONVERSION</key>
				<string>YES</string>
				<key>CLANG_WARN_DIRECT_OBJC_ISA_USAGE</key>
				<string>YES_ERROR</string>
				<key>CLANG_WARN_EMPTY_BODY</key>
				<string>YES</string>
				<key>CLANG_WARN_ENUM_CONVERSION</key>
				<string>YES</string>
				<key>CLANG_WARN_INT_CONVERSION</key>
				<string>YES</string>
				<key>CLANG_WARN_OBJC_ROOT_CLASS</key>
				<string>YES_ERROR</string>
				<key>CLANG_WARN__DUPLICATE_METHOD_MATCH</key>
				<string>YES</string>
				<key>CODE_SIGN_IDENTITY[sdk=iphoneos*]</key>
				<string>iPhone Developer</string>
				<key>COPY_PHASE_STRIP</key>
				<string>NO</string>
				<key>GCC_C_LANGUAGE_STANDARD</key>
				<string>gnu99</string>
				<key>GCC_DYNAMIC_NO_PIC</key>
				<string>NO</string>
				<key>GCC_OPTIMIZATION_LEVEL</key>
				<string>0</string>
				<key>GCC_PREPROCESSOR_DEFINITIONS</key>
				<array>
					<string>DEBUG=1</string>
					<string>$(inherited)</string>
				</array>
				<key>GCC_SYMBOLS_PRIVATE_EXTERN</key>
				<string>NO</string>
				<key>GCC_WARN_64_TO_32_BIT_CONVERSION</key>
				<string>YES</string>
				<key>GCC_WARN_ABOUT_RETURN_TYPE</key>
				<string>YES_ERROR</string>
				<key>GCC_WARN_UNDECLARED_SELECTOR</key>
				<string>YES</string>
				<key>GCC_WARN_UNINITIALIZED_AUTOS</key>
				<string>YES</string>
				<key>GCC_WARN_UNUSED_FUNCTION</key>
				<string>YES</string>
				<key>GCC_WARN_UNUSED_VARIABLE</key>
				<string>YES</string>
				<key>IPHONEOS_DEPLOYMENT_TARGET</key>
				<string>7.0</string>
				<key>ONLY_ACTIVE_ARCH</key>
				<string>YES</string>
				<key>SDKROOT</key>
				<string>iphoneos</string>
				<key>TARGETED_DEVICE_FAMILY</key>
				<string>1,2</string>
			</dict>
			<key>isa</key>
			<string>XCBuildConfiguration</string>
			<key>name</key>
			<string>Debug</string>
		</dict>
		<key>76A308FA18C8FB950065D4B1</key>
		<dict>
			<key>buildSettings</key>
			<dict>
				<key>ALWAYS_SEARCH_USER_PATHS</key>
				<string>NO</string>
				<key>CLANG_CXX_LANGUAGE_STANDARD</key>
				<string>gnu++0x</string>
				<key>CLANG_CXX_LIBRARY</key>
				<string>libc++</string>
				<key>CLANG_ENABLE_MODULES</key>
				<string>YES</string>
				<key>CLANG_ENABLE_OBJC_ARC</key>
				<string>YES</string>
				<key>CLANG_WARN_BOOL_CONVERSION</key>
				<string>YES</string>
				<key>CLANG_WARN_CONSTANT_CONVERSION</key>
				<string>YES</string>
				<key>CLANG_WARN_DIRECT_OBJC_ISA_USAGE</key>
				<string>YES_ERROR</string>
				<key>CLANG_WARN_EMPTY_BODY</key>
				<string>YES</string>
				<key>CLANG_WARN_ENUM_CONVERSION</key>
				<string>YES</string>
				<key>CLANG_WARN_INT_CONVERSION</key>
				<string>YES</string>
				<key>CLANG_WARN_OBJC_ROOT_CLASS</key>
				<string>YES_ERROR</string>
				<key>CLANG_WARN__DUPLICATE_METHOD_MATCH</key>
				<string>YES</string>
				<key>CODE_SIGN_IDENTITY[sdk=iphoneos*]</key>
				<string>iPhone Developer</string>
				<key>COPY_PHASE_STRIP</key>
				<string>YES</string>
				<key>ENABLE_NS_ASSERTIONS</key>
				<string>NO</string>
				<key>GCC_C_LANGUAGE_STANDARD</key>
				<string>gnu99</string>
				<key>GCC_WARN_64_TO_32_BIT_CONVERSION</key>
				<string>YES</string>
				<key>GCC_WARN_ABOUT_RETURN_TYPE</key>
				<string>YES_ERROR</string>
				<key>GCC_WARN_UNDECLARED_SELECTOR</key>
				<string>YES</string>
				<key>GCC_WARN_UNINITIALIZED_AUTOS</key>
				<string>YES</string>
				<key>GCC_WARN_UNUSED_FUNCTION</key>
				<string>YES</string>
				<key>GCC_WARN_UNUSED_VARIABLE</key>
				<string>YES</string>
				<key>IPHONEOS_DEPLOYMENT_TARGET</key>
				<string>7.0</string>
				<key>SDKROOT</key>
				<string>iphoneos</string>
				<key>TARGETED_DEVICE_FAMILY</key>
				<string>1,2</string>
				<key>VALIDATE_PRODUCT</key>
				<string>YES</string>
			</dict>
			<key>isa</key>
			<string>XCBuildConfiguration</string>
			<key>name</key>
			<string>Release</string>
		</dict>
		<key>76A308FB18C8FB950065D4B1</key>
		<dict>
			<key>buildConfigurations</key>
			<array>
				<string>76A308FC18C8FB950065D4B1</string>
				<string>76A308FD18C8FB950065D4B1</string>
			</array>
			<key>defaultConfigurationIsVisible</key>
			<string>0</string>
			<key>defaultConfigurationName</key>
			<string>Release</string>
			<key>isa</key>
			<string>XCConfigurationList</string>
		</dict>
		<key>76A308FC18C8FB950065D4B1</key>
		<dict>
			<key>baseConfigurationReference</key>
			<string>3D27774292D34CDA90CFAEC3</string>
			<key>buildSettings</key>
			<dict>
				<key>ASSETCATALOG_COMPILER_APPICON_NAME</key>
				<string>AppIcon</string>
				<key>ASSETCATALOG_COMPILER_LAUNCHIMAGE_NAME</key>
				<string>LaunchImage</string>
				<key>CODE_SIGN_IDENTITY</key>
				<string>iPhone Developer: John Meeker (R8B7L4868Q)</string>
				<key>GCC_PRECOMPILE_PREFIX_HEADER</key>
				<string>YES</string>
				<key>GCC_PREFIX_HEADER</key>
				<string>KPCC/KPCC-Prefix.pch</string>
				<key>GCC_PREPROCESSOR_DEFINITIONS</key>
				<array>
					<string>DEBUG=1</string>
					<string>$(inherited)</string>
					<string>ENABLE_TESTFLIGHT</string>
				</array>
				<key>INFOPLIST_FILE</key>
				<string>KPCC/KPCC-Info.plist</string>
				<key>IPHONEOS_DEPLOYMENT_TARGET</key>
				<string>7.0</string>
				<key>LIBRARY_SEARCH_PATHS</key>
				<array>
					<string>$(inherited)</string>
					<string>$(PROJECT_DIR)/KPCC/ThirdParty/TestFlight</string>
					<string>$(PROJECT_DIR)/KPCC/ThirdParty/Flurry</string>
				</array>
				<key>PRODUCT_NAME</key>
				<string>$(TARGET_NAME)</string>
				<key>TARGETED_DEVICE_FAMILY</key>
				<string>1</string>
				<key>WRAPPER_EXTENSION</key>
				<string>app</string>
			</dict>
			<key>isa</key>
			<string>XCBuildConfiguration</string>
			<key>name</key>
			<string>Debug</string>
		</dict>
		<key>76A308FD18C8FB950065D4B1</key>
		<dict>
			<key>baseConfigurationReference</key>
			<string>3D27774292D34CDA90CFAEC3</string>
			<key>buildSettings</key>
			<dict>
				<key>ASSETCATALOG_COMPILER_APPICON_NAME</key>
				<string>AppIcon</string>
				<key>ASSETCATALOG_COMPILER_LAUNCHIMAGE_NAME</key>
				<string>LaunchImage</string>
				<key>CODE_SIGN_IDENTITY</key>
				<string>iPhone Distribution: Southern California Public Radio (SXALEDSVFU)</string>
				<key>GCC_PRECOMPILE_PREFIX_HEADER</key>
				<string>YES</string>
				<key>GCC_PREFIX_HEADER</key>
				<string>KPCC/KPCC-Prefix.pch</string>
				<key>INFOPLIST_FILE</key>
				<string>KPCC/KPCC-Info.plist</string>
				<key>IPHONEOS_DEPLOYMENT_TARGET</key>
				<string>7.0</string>
				<key>LIBRARY_SEARCH_PATHS</key>
				<array>
					<string>$(inherited)</string>
					<string>$(PROJECT_DIR)/KPCC/ThirdParty/TestFlight</string>
					<string>$(PROJECT_DIR)/KPCC/ThirdParty/Flurry</string>
				</array>
				<key>PRODUCT_NAME</key>
				<string>$(TARGET_NAME)</string>
				<key>TARGETED_DEVICE_FAMILY</key>
				<string>1</string>
				<key>WRAPPER_EXTENSION</key>
				<string>app</string>
			</dict>
			<key>isa</key>
			<string>XCBuildConfiguration</string>
			<key>name</key>
			<string>Release</string>
		</dict>
		<key>76A308FE18C8FB950065D4B1</key>
		<dict>
			<key>buildConfigurations</key>
			<array>
				<string>76A308FF18C8FB950065D4B1</string>
				<string>76A3090018C8FB950065D4B1</string>
			</array>
			<key>defaultConfigurationIsVisible</key>
			<string>0</string>
			<key>defaultConfigurationName</key>
			<string>Release</string>
			<key>isa</key>
			<string>XCConfigurationList</string>
		</dict>
		<key>76A308FF18C8FB950065D4B1</key>
		<dict>
			<key>buildSettings</key>
			<dict>
				<key>BUNDLE_LOADER</key>
				<string>$(BUILT_PRODUCTS_DIR)/KPCC.app/KPCC</string>
				<key>FRAMEWORK_SEARCH_PATHS</key>
				<array>
					<string>$(SDKROOT)/Developer/Library/Frameworks</string>
					<string>$(inherited)</string>
					<string>$(DEVELOPER_FRAMEWORKS_DIR)</string>
				</array>
				<key>GCC_PRECOMPILE_PREFIX_HEADER</key>
				<string>YES</string>
				<key>GCC_PREFIX_HEADER</key>
				<string>KPCC/KPCC-Prefix.pch</string>
				<key>GCC_PREPROCESSOR_DEFINITIONS</key>
				<array>
					<string>DEBUG=1</string>
					<string>$(inherited)</string>
				</array>
				<key>INFOPLIST_FILE</key>
				<string>KPCCTests/KPCCTests-Info.plist</string>
				<key>PRODUCT_NAME</key>
				<string>$(TARGET_NAME)</string>
				<key>TEST_HOST</key>
				<string>$(BUNDLE_LOADER)</string>
				<key>WRAPPER_EXTENSION</key>
				<string>xctest</string>
			</dict>
			<key>isa</key>
			<string>XCBuildConfiguration</string>
			<key>name</key>
			<string>Debug</string>
		</dict>
		<key>76A3090018C8FB950065D4B1</key>
		<dict>
			<key>buildSettings</key>
			<dict>
				<key>BUNDLE_LOADER</key>
				<string>$(BUILT_PRODUCTS_DIR)/KPCC.app/KPCC</string>
				<key>FRAMEWORK_SEARCH_PATHS</key>
				<array>
					<string>$(SDKROOT)/Developer/Library/Frameworks</string>
					<string>$(inherited)</string>
					<string>$(DEVELOPER_FRAMEWORKS_DIR)</string>
				</array>
				<key>GCC_PRECOMPILE_PREFIX_HEADER</key>
				<string>YES</string>
				<key>GCC_PREFIX_HEADER</key>
				<string>KPCC/KPCC-Prefix.pch</string>
				<key>INFOPLIST_FILE</key>
				<string>KPCCTests/KPCCTests-Info.plist</string>
				<key>PRODUCT_NAME</key>
				<string>$(TARGET_NAME)</string>
				<key>TEST_HOST</key>
				<string>$(BUNDLE_LOADER)</string>
				<key>WRAPPER_EXTENSION</key>
				<string>xctest</string>
			</dict>
			<key>isa</key>
			<string>XCBuildConfiguration</string>
			<key>name</key>
			<string>Release</string>
		</dict>
		<key>76A3090118C93C3A0065D4B1</key>
		<dict>
			<key>children</key>
			<array>
				<string>76A3090218C93C880065D4B1</string>
				<string>76A3090318C93C880065D4B1</string>
				<string>76349D1918D8C74F0027C3B8</string>
				<string>76349D1A18D8C74F0027C3B8</string>
			</array>
			<key>isa</key>
			<string>PBXGroup</string>
			<key>name</key>
			<string>Managers</string>
			<key>sourceTree</key>
			<string>&lt;group&gt;</string>
		</dict>
		<key>76A3090218C93C880065D4B1</key>
		<dict>
			<key>fileEncoding</key>
			<string>4</string>
			<key>isa</key>
			<string>PBXFileReference</string>
			<key>lastKnownFileType</key>
			<string>sourcecode.c.h</string>
			<key>name</key>
			<string>AudioManager.h</string>
			<key>path</key>
			<string>Managers/AudioManager.h</string>
			<key>sourceTree</key>
			<string>&lt;group&gt;</string>
		</dict>
		<key>76A3090318C93C880065D4B1</key>
		<dict>
			<key>fileEncoding</key>
			<string>4</string>
			<key>isa</key>
			<string>PBXFileReference</string>
			<key>lastKnownFileType</key>
			<string>sourcecode.c.objc</string>
			<key>name</key>
			<string>AudioManager.m</string>
			<key>path</key>
			<string>Managers/AudioManager.m</string>
			<key>sourceTree</key>
			<string>&lt;group&gt;</string>
		</dict>
		<key>76A3090418C93C880065D4B1</key>
		<dict>
			<key>fileRef</key>
			<string>76A3090318C93C880065D4B1</string>
			<key>isa</key>
			<string>PBXBuildFile</string>
		</dict>
		<key>76E75F1C18CE4682008E3197</key>
		<dict>
			<key>children</key>
			<array>
				<string>76349D1418D3B53D0027C3B8</string>
				<string>76349CA118D372B30027C3B8</string>
				<string>76E75F1D18CE4682008E3197</string>
			</array>
			<key>isa</key>
			<string>PBXGroup</string>
			<key>path</key>
			<string>ThirdParty</string>
			<key>sourceTree</key>
			<string>&lt;group&gt;</string>
		</dict>
		<key>76E75F1D18CE4682008E3197</key>
		<dict>
			<key>children</key>
			<array>
				<string>76E75F1E18CE4682008E3197</string>
				<string>76E75F1F18CE4682008E3197</string>
				<string>76E75F2018CE4682008E3197</string>
				<string>76E75F2118CE4682008E3197</string>
				<string>76E75F2218CE4682008E3197</string>
				<string>76E75F2318CE4682008E3197</string>
				<string>76E75F2418CE4682008E3197</string>
				<string>76E75F2518CE4682008E3197</string>
				<string>76E75F2618CE4682008E3197</string>
				<string>76E75F2718CE4682008E3197</string>
				<string>76E75F2818CE4682008E3197</string>
				<string>76E75F2918CE4682008E3197</string>
				<string>76E75F2A18CE4682008E3197</string>
				<string>76E75F2B18CE4682008E3197</string>
				<string>76E75F2C18CE4682008E3197</string>
				<string>76E75F2D18CE4682008E3197</string>
				<string>76E75F2E18CE4682008E3197</string>
				<string>76E75F2F18CE4682008E3197</string>
				<string>76E75F3018CE4682008E3197</string>
				<string>76E75F3118CE4682008E3197</string>
				<string>76E75F3218CE4682008E3197</string>
				<string>76E75F3318CE4682008E3197</string>
				<string>76E75F3418CE4682008E3197</string>
			</array>
			<key>isa</key>
			<string>PBXGroup</string>
			<key>path</key>
			<string>StreamingKit</string>
			<key>sourceTree</key>
			<string>&lt;group&gt;</string>
		</dict>
		<key>76E75F1E18CE4682008E3197</key>
		<dict>
			<key>fileEncoding</key>
			<string>4</string>
			<key>isa</key>
			<string>PBXFileReference</string>
			<key>lastKnownFileType</key>
			<string>sourcecode.c.h</string>
			<key>path</key>
			<string>NSMutableArray+STKAudioPlayer.h</string>
			<key>sourceTree</key>
			<string>&lt;group&gt;</string>
		</dict>
		<key>76E75F1F18CE4682008E3197</key>
		<dict>
			<key>fileEncoding</key>
			<string>4</string>
			<key>isa</key>
			<string>PBXFileReference</string>
			<key>lastKnownFileType</key>
			<string>sourcecode.c.objc</string>
			<key>path</key>
			<string>NSMutableArray+STKAudioPlayer.m</string>
			<key>sourceTree</key>
			<string>&lt;group&gt;</string>
		</dict>
		<key>76E75F2018CE4682008E3197</key>
		<dict>
			<key>fileEncoding</key>
			<string>4</string>
			<key>isa</key>
			<string>PBXFileReference</string>
			<key>lastKnownFileType</key>
			<string>sourcecode.c.h</string>
			<key>path</key>
			<string>STKAudioPlayer.h</string>
			<key>sourceTree</key>
			<string>&lt;group&gt;</string>
		</dict>
		<key>76E75F2118CE4682008E3197</key>
		<dict>
			<key>fileEncoding</key>
			<string>4</string>
			<key>isa</key>
			<string>PBXFileReference</string>
			<key>lastKnownFileType</key>
			<string>sourcecode.c.objc</string>
			<key>path</key>
			<string>STKAudioPlayer.m</string>
			<key>sourceTree</key>
			<string>&lt;group&gt;</string>
		</dict>
		<key>76E75F2218CE4682008E3197</key>
		<dict>
			<key>fileEncoding</key>
			<string>4</string>
			<key>isa</key>
			<string>PBXFileReference</string>
			<key>lastKnownFileType</key>
			<string>sourcecode.c.h</string>
			<key>path</key>
			<string>STKAutoRecoveringHTTPDataSource.h</string>
			<key>sourceTree</key>
			<string>&lt;group&gt;</string>
		</dict>
		<key>76E75F2318CE4682008E3197</key>
		<dict>
			<key>fileEncoding</key>
			<string>4</string>
			<key>isa</key>
			<string>PBXFileReference</string>
			<key>lastKnownFileType</key>
			<string>sourcecode.c.objc</string>
			<key>path</key>
			<string>STKAutoRecoveringHTTPDataSource.m</string>
			<key>sourceTree</key>
			<string>&lt;group&gt;</string>
		</dict>
		<key>76E75F2418CE4682008E3197</key>
		<dict>
			<key>fileEncoding</key>
			<string>4</string>
			<key>isa</key>
			<string>PBXFileReference</string>
			<key>lastKnownFileType</key>
			<string>sourcecode.c.h</string>
			<key>path</key>
			<string>STKBufferChunk.h</string>
			<key>sourceTree</key>
			<string>&lt;group&gt;</string>
		</dict>
		<key>76E75F2518CE4682008E3197</key>
		<dict>
			<key>fileEncoding</key>
			<string>4</string>
			<key>isa</key>
			<string>PBXFileReference</string>
			<key>lastKnownFileType</key>
			<string>sourcecode.c.objc</string>
			<key>path</key>
			<string>STKBufferChunk.m</string>
			<key>sourceTree</key>
			<string>&lt;group&gt;</string>
		</dict>
		<key>76E75F2618CE4682008E3197</key>
		<dict>
			<key>fileEncoding</key>
			<string>4</string>
			<key>isa</key>
			<string>PBXFileReference</string>
			<key>lastKnownFileType</key>
			<string>sourcecode.c.h</string>
			<key>path</key>
			<string>STKBufferingDataSource.h</string>
			<key>sourceTree</key>
			<string>&lt;group&gt;</string>
		</dict>
		<key>76E75F2718CE4682008E3197</key>
		<dict>
			<key>fileEncoding</key>
			<string>4</string>
			<key>isa</key>
			<string>PBXFileReference</string>
			<key>lastKnownFileType</key>
			<string>sourcecode.c.objc</string>
			<key>path</key>
			<string>STKBufferingDataSource.m</string>
			<key>sourceTree</key>
			<string>&lt;group&gt;</string>
		</dict>
		<key>76E75F2818CE4682008E3197</key>
		<dict>
			<key>fileEncoding</key>
			<string>4</string>
			<key>isa</key>
			<string>PBXFileReference</string>
			<key>lastKnownFileType</key>
			<string>sourcecode.c.h</string>
			<key>path</key>
			<string>STKCoreFoundationDataSource.h</string>
			<key>sourceTree</key>
			<string>&lt;group&gt;</string>
		</dict>
		<key>76E75F2918CE4682008E3197</key>
		<dict>
			<key>fileEncoding</key>
			<string>4</string>
			<key>isa</key>
			<string>PBXFileReference</string>
			<key>lastKnownFileType</key>
			<string>sourcecode.c.objc</string>
			<key>path</key>
			<string>STKCoreFoundationDataSource.m</string>
			<key>sourceTree</key>
			<string>&lt;group&gt;</string>
		</dict>
		<key>76E75F2A18CE4682008E3197</key>
		<dict>
			<key>fileEncoding</key>
			<string>4</string>
			<key>isa</key>
			<string>PBXFileReference</string>
			<key>lastKnownFileType</key>
			<string>sourcecode.c.h</string>
			<key>path</key>
			<string>STKDataSource.h</string>
			<key>sourceTree</key>
			<string>&lt;group&gt;</string>
		</dict>
		<key>76E75F2B18CE4682008E3197</key>
		<dict>
			<key>fileEncoding</key>
			<string>4</string>
			<key>isa</key>
			<string>PBXFileReference</string>
			<key>lastKnownFileType</key>
			<string>sourcecode.c.objc</string>
			<key>path</key>
			<string>STKDataSource.m</string>
			<key>sourceTree</key>
			<string>&lt;group&gt;</string>
		</dict>
		<key>76E75F2C18CE4682008E3197</key>
		<dict>
			<key>fileEncoding</key>
			<string>4</string>
			<key>isa</key>
			<string>PBXFileReference</string>
			<key>lastKnownFileType</key>
			<string>sourcecode.c.h</string>
			<key>path</key>
			<string>STKDataSourceWrapper.h</string>
			<key>sourceTree</key>
			<string>&lt;group&gt;</string>
		</dict>
		<key>76E75F2D18CE4682008E3197</key>
		<dict>
			<key>fileEncoding</key>
			<string>4</string>
			<key>isa</key>
			<string>PBXFileReference</string>
			<key>lastKnownFileType</key>
			<string>sourcecode.c.objc</string>
			<key>path</key>
			<string>STKDataSourceWrapper.m</string>
			<key>sourceTree</key>
			<string>&lt;group&gt;</string>
		</dict>
		<key>76E75F2E18CE4682008E3197</key>
		<dict>
			<key>fileEncoding</key>
			<string>4</string>
			<key>isa</key>
			<string>PBXFileReference</string>
			<key>lastKnownFileType</key>
			<string>sourcecode.c.h</string>
			<key>path</key>
			<string>STKHTTPDataSource.h</string>
			<key>sourceTree</key>
			<string>&lt;group&gt;</string>
		</dict>
		<key>76E75F2F18CE4682008E3197</key>
		<dict>
			<key>fileEncoding</key>
			<string>4</string>
			<key>isa</key>
			<string>PBXFileReference</string>
			<key>lastKnownFileType</key>
			<string>sourcecode.c.objc</string>
			<key>path</key>
			<string>STKHTTPDataSource.m</string>
			<key>sourceTree</key>
			<string>&lt;group&gt;</string>
		</dict>
		<key>76E75F3018CE4682008E3197</key>
		<dict>
			<key>fileEncoding</key>
			<string>4</string>
			<key>isa</key>
			<string>PBXFileReference</string>
			<key>lastKnownFileType</key>
			<string>sourcecode.c.h</string>
			<key>path</key>
			<string>STKLocalFileDataSource.h</string>
			<key>sourceTree</key>
			<string>&lt;group&gt;</string>
		</dict>
		<key>76E75F3118CE4682008E3197</key>
		<dict>
			<key>fileEncoding</key>
			<string>4</string>
			<key>isa</key>
			<string>PBXFileReference</string>
			<key>lastKnownFileType</key>
			<string>sourcecode.c.objc</string>
			<key>path</key>
			<string>STKLocalFileDataSource.m</string>
			<key>sourceTree</key>
			<string>&lt;group&gt;</string>
		</dict>
		<key>76E75F3218CE4682008E3197</key>
		<dict>
			<key>fileEncoding</key>
			<string>4</string>
			<key>isa</key>
			<string>PBXFileReference</string>
			<key>lastKnownFileType</key>
			<string>sourcecode.c.h</string>
			<key>path</key>
			<string>STKQueueEntry.h</string>
			<key>sourceTree</key>
			<string>&lt;group&gt;</string>
		</dict>
		<key>76E75F3318CE4682008E3197</key>
		<dict>
			<key>fileEncoding</key>
			<string>4</string>
			<key>isa</key>
			<string>PBXFileReference</string>
			<key>lastKnownFileType</key>
			<string>sourcecode.c.objc</string>
			<key>path</key>
			<string>STKQueueEntry.m</string>
			<key>sourceTree</key>
			<string>&lt;group&gt;</string>
		</dict>
		<key>76E75F3418CE4682008E3197</key>
		<dict>
			<key>fileEncoding</key>
			<string>4</string>
			<key>isa</key>
			<string>PBXFileReference</string>
			<key>lastKnownFileType</key>
			<string>sourcecode.c.h</string>
			<key>path</key>
			<string>StreamingKit-Prefix.pch</string>
			<key>sourceTree</key>
			<string>&lt;group&gt;</string>
		</dict>
		<key>76E75F3518CE4682008E3197</key>
		<dict>
			<key>fileRef</key>
			<string>76E75F1F18CE4682008E3197</string>
			<key>isa</key>
			<string>PBXBuildFile</string>
		</dict>
		<key>76E75F3618CE4682008E3197</key>
		<dict>
			<key>fileRef</key>
			<string>76E75F2118CE4682008E3197</string>
			<key>isa</key>
			<string>PBXBuildFile</string>
		</dict>
		<key>76E75F3718CE4682008E3197</key>
		<dict>
			<key>fileRef</key>
			<string>76E75F2318CE4682008E3197</string>
			<key>isa</key>
			<string>PBXBuildFile</string>
		</dict>
		<key>76E75F3818CE4682008E3197</key>
		<dict>
			<key>fileRef</key>
			<string>76E75F2518CE4682008E3197</string>
			<key>isa</key>
			<string>PBXBuildFile</string>
		</dict>
		<key>76E75F3918CE4682008E3197</key>
		<dict>
			<key>fileRef</key>
			<string>76E75F2718CE4682008E3197</string>
			<key>isa</key>
			<string>PBXBuildFile</string>
		</dict>
		<key>76E75F3A18CE4682008E3197</key>
		<dict>
			<key>fileRef</key>
			<string>76E75F2918CE4682008E3197</string>
			<key>isa</key>
			<string>PBXBuildFile</string>
		</dict>
		<key>76E75F3B18CE4682008E3197</key>
		<dict>
			<key>fileRef</key>
			<string>76E75F2B18CE4682008E3197</string>
			<key>isa</key>
			<string>PBXBuildFile</string>
		</dict>
		<key>76E75F3C18CE4682008E3197</key>
		<dict>
			<key>fileRef</key>
			<string>76E75F2D18CE4682008E3197</string>
			<key>isa</key>
			<string>PBXBuildFile</string>
		</dict>
		<key>76E75F3D18CE4682008E3197</key>
		<dict>
			<key>fileRef</key>
			<string>76E75F2F18CE4682008E3197</string>
			<key>isa</key>
			<string>PBXBuildFile</string>
		</dict>
		<key>76E75F3E18CE4682008E3197</key>
		<dict>
			<key>fileRef</key>
			<string>76E75F3118CE4682008E3197</string>
			<key>isa</key>
			<string>PBXBuildFile</string>
		</dict>
		<key>76E75F3F18CE4682008E3197</key>
		<dict>
			<key>fileRef</key>
			<string>76E75F3318CE4682008E3197</string>
			<key>isa</key>
			<string>PBXBuildFile</string>
		</dict>
		<key>9E4DCD001A0847218C219F40</key>
		<dict>
			<key>buildActionMask</key>
			<string>2147483647</string>
			<key>files</key>
			<array/>
			<key>inputPaths</key>
			<array/>
			<key>isa</key>
			<string>PBXShellScriptBuildPhase</string>
			<key>name</key>
			<string>Copy Pods Resources</string>
			<key>outputPaths</key>
			<array/>
			<key>runOnlyForDeploymentPostprocessing</key>
			<string>0</string>
			<key>shellPath</key>
			<string>/bin/sh</string>
			<key>shellScript</key>
			<string>"${SRCROOT}/Pods/Pods-resources.sh"
</string>
			<key>showEnvVarsInLog</key>
			<string>0</string>
		</dict>
		<key>C4832A831DF6416997B73FBF</key>
		<dict>
			<key>explicitFileType</key>
			<string>archive.ar</string>
			<key>includeInIndex</key>
			<string>0</string>
			<key>isa</key>
			<string>PBXFileReference</string>
			<key>path</key>
			<string>libPods.a</string>
			<key>sourceTree</key>
			<string>BUILT_PRODUCTS_DIR</string>
		</dict>
		<key>D60D1CDDD065418D8BE73D8C</key>
		<dict>
			<key>fileRef</key>
			<string>C4832A831DF6416997B73FBF</string>
			<key>isa</key>
			<string>PBXBuildFile</string>
		</dict>
	</dict>
	<key>rootObject</key>
	<string>76A308BB18C8FB940065D4B1</string>
</dict>
</plist>
